
Microsoft Visual Studio Solution File, Format Version 12.00
# Visual Studio Version 17
VisualStudioVersion = 17.0.31903.59
MinimumVisualStudioVersion = 10.0.40219.1
Project("{2150E333-8FDC-42A3-9474-1A3956D46DE8}") = "src", "src", "{827E0CD3-B72D-47B6-A68D-7590B98EB39B}"
EndProject
Project("{FAE04EC0-301F-11D3-BF4B-00C04F79EFBC}") = "Yarqua.Domain", "src\Yarqua.Domain\Yarqua.Domain.csproj", "{2D53C2D0-BEB2-4396-9327-84D7EA169F12}"
EndProject
Project("{FAE04EC0-301F-11D3-BF4B-00C04F79EFBC}") = "Yarqua.Application", "src\Yarqua.Application\Yarqua.Application.csproj", "{9B347DC8-D3C0-4D29-9004-AF6275103594}"
EndProject
Project("{FAE04EC0-301F-11D3-BF4B-00C04F79EFBC}") = "Yarqua.Infrastructure", "src\Yarqua.Infrastructure\Yarqua.Infrastructure.csproj", "{C85D0EB2-6B77-4FAA-A793-46530B993350}"
EndProject
Project("{FAE04EC0-301F-11D3-BF4B-00C04F79EFBC}") = "Yarqua.Api", "src\Yarqua.Api\Yarqua.Api.csproj", "{A2F20DDE-138D-4B58-8140-9EA2FBD7C44E}"
EndProject
Project("{2150E333-8FDC-42A3-9474-1A3956D46DE8}") = "tests", "tests", "{0AB3BF05-4346-4AA6-1389-037BE0695223}"
EndProject
Project("{FAE04EC0-301F-11D3-BF4B-00C04F79EFBC}") = "Yarqua.Application.Tests", "tests\Yarqua.Application.Tests\Yarqua.Application.Tests.csproj", "{1DB9AE98-F0FE-4D99-9662-FB84A09231C2}"
EndProject
Global
	GlobalSection(SolutionConfigurationPlatforms) = preSolution
		Debug|Any CPU = Debug|Any CPU
		Debug|x64 = Debug|x64
		Debug|x86 = Debug|x86
		Release|Any CPU = Release|Any CPU
		Release|x64 = Release|x64
		Release|x86 = Release|x86
	EndGlobalSection
	GlobalSection(ProjectConfigurationPlatforms) = postSolution
		{2D53C2D0-BEB2-4396-9327-84D7EA169F12}.Debug|Any CPU.ActiveCfg = Debug|Any CPU
		{2D53C2D0-BEB2-4396-9327-84D7EA169F12}.Debug|Any CPU.Build.0 = Debug|Any CPU
		{2D53C2D0-BEB2-4396-9327-84D7EA169F12}.Debug|x64.ActiveCfg = Debug|Any CPU
		{2D53C2D0-BEB2-4396-9327-84D7EA169F12}.Debug|x64.Build.0 = Debug|Any CPU
		{2D53C2D0-BEB2-4396-9327-84D7EA169F12}.Debug|x86.ActiveCfg = Debug|Any CPU
		{2D53C2D0-BEB2-4396-9327-84D7EA169F12}.Debug|x86.Build.0 = Debug|Any CPU
		{2D53C2D0-BEB2-4396-9327-84D7EA169F12}.Release|Any CPU.ActiveCfg = Release|Any CPU
		{2D53C2D0-BEB2-4396-9327-84D7EA169F12}.Release|Any CPU.Build.0 = Release|Any CPU
		{2D53C2D0-BEB2-4396-9327-84D7EA169F12}.Release|x64.ActiveCfg = Release|Any CPU
		{2D53C2D0-BEB2-4396-9327-84D7EA169F12}.Release|x64.Build.0 = Release|Any CPU
		{2D53C2D0-BEB2-4396-9327-84D7EA169F12}.Release|x86.ActiveCfg = Release|Any CPU
		{2D53C2D0-BEB2-4396-9327-84D7EA169F12}.Release|x86.Build.0 = Release|Any CPU
		{9B347DC8-D3C0-4D29-9004-AF6275103594}.Debug|Any CPU.ActiveCfg = Debug|Any CPU
		{9B347DC8-D3C0-4D29-9004-AF6275103594}.Debug|Any CPU.Build.0 = Debug|Any CPU
		{9B347DC8-D3C0-4D29-9004-AF6275103594}.Debug|x64.ActiveCfg = Debug|Any CPU
		{9B347DC8-D3C0-4D29-9004-AF6275103594}.Debug|x64.Build.0 = Debug|Any CPU
		{9B347DC8-D3C0-4D29-9004-AF6275103594}.Debug|x86.ActiveCfg = Debug|Any CPU
		{9B347DC8-D3C0-4D29-9004-AF6275103594}.Debug|x86.Build.0 = Debug|Any CPU
		{9B347DC8-D3C0-4D29-9004-AF6275103594}.Release|Any CPU.ActiveCfg = Release|Any CPU
		{9B347DC8-D3C0-4D29-9004-AF6275103594}.Release|Any CPU.Build.0 = Release|Any CPU
		{9B347DC8-D3C0-4D29-9004-AF6275103594}.Release|x64.ActiveCfg = Release|Any CPU
		{9B347DC8-D3C0-4D29-9004-AF6275103594}.Release|x64.Build.0 = Release|Any CPU
		{9B347DC8-D3C0-4D29-9004-AF6275103594}.Release|x86.ActiveCfg = Release|Any CPU
		{9B347DC8-D3C0-4D29-9004-AF6275103594}.Release|x86.Build.0 = Release|Any CPU
		{C85D0EB2-6B77-4FAA-A793-46530B993350}.Debug|Any CPU.ActiveCfg = Debug|Any CPU
		{C85D0EB2-6B77-4FAA-A793-46530B993350}.Debug|Any CPU.Build.0 = Debug|Any CPU
		{C85D0EB2-6B77-4FAA-A793-46530B993350}.Debug|x64.ActiveCfg = Debug|Any CPU
		{C85D0EB2-6B77-4FAA-A793-46530B993350}.Debug|x64.Build.0 = Debug|Any CPU
		{C85D0EB2-6B77-4FAA-A793-46530B993350}.Debug|x86.ActiveCfg = Debug|Any CPU
		{C85D0EB2-6B77-4FAA-A793-46530B993350}.Debug|x86.Build.0 = Debug|Any CPU
		{C85D0EB2-6B77-4FAA-A793-46530B993350}.Release|Any CPU.ActiveCfg = Release|Any CPU
		{C85D0EB2-6B77-4FAA-A793-46530B993350}.Release|Any CPU.Build.0 = Release|Any CPU
		{C85D0EB2-6B77-4FAA-A793-46530B993350}.Release|x64.ActiveCfg = Release|Any CPU
		{C85D0EB2-6B77-4FAA-A793-46530B993350}.Release|x64.Build.0 = Release|Any CPU
		{C85D0EB2-6B77-4FAA-A793-46530B993350}.Release|x86.ActiveCfg = Release|Any CPU
		{C85D0EB2-6B77-4FAA-A793-46530B993350}.Release|x86.Build.0 = Release|Any CPU
		{A2F20DDE-138D-4B58-8140-9EA2FBD7C44E}.Debug|Any CPU.ActiveCfg = Debug|Any CPU
		{A2F20DDE-138D-4B58-8140-9EA2FBD7C44E}.Debug|Any CPU.Build.0 = Debug|Any CPU
		{A2F20DDE-138D-4B58-8140-9EA2FBD7C44E}.Debug|x64.ActiveCfg = Debug|Any CPU
		{A2F20DDE-138D-4B58-8140-9EA2FBD7C44E}.Debug|x64.Build.0 = Debug|Any CPU
		{A2F20DDE-138D-4B58-8140-9EA2FBD7C44E}.Debug|x86.ActiveCfg = Debug|Any CPU
		{A2F20DDE-138D-4B58-8140-9EA2FBD7C44E}.Debug|x86.Build.0 = Debug|Any CPU
		{A2F20DDE-138D-4B58-8140-9EA2FBD7C44E}.Release|Any CPU.ActiveCfg = Release|Any CPU
		{A2F20DDE-138D-4B58-8140-9EA2FBD7C44E}.Release|Any CPU.Build.0 = Release|Any CPU
		{A2F20DDE-138D-4B58-8140-9EA2FBD7C44E}.Release|x64.ActiveCfg = Release|Any CPU
		{A2F20DDE-138D-4B58-8140-9EA2FBD7C44E}.Release|x64.Build.0 = Release|Any CPU
		{A2F20DDE-138D-4B58-8140-9EA2FBD7C44E}.Release|x86.ActiveCfg = Release|Any CPU
		{A2F20DDE-138D-4B58-8140-9EA2FBD7C44E}.Release|x86.Build.0 = Release|Any CPU
		{1DB9AE98-F0FE-4D99-9662-FB84A09231C2}.Debug|Any CPU.ActiveCfg = Debug|Any CPU
		{1DB9AE98-F0FE-4D99-9662-FB84A09231C2}.Debug|Any CPU.Build.0 = Debug|Any CPU
		{1DB9AE98-F0FE-4D99-9662-FB84A09231C2}.Debug|x64.ActiveCfg = Debug|Any CPU
		{1DB9AE98-F0FE-4D99-9662-FB84A09231C2}.Debug|x64.Build.0 = Debug|Any CPU
		{1DB9AE98-F0FE-4D99-9662-FB84A09231C2}.Debug|x86.ActiveCfg = Debug|Any CPU
		{1DB9AE98-F0FE-4D99-9662-FB84A09231C2}.Debug|x86.Build.0 = Debug|Any CPU
		{1DB9AE98-F0FE-4D99-9662-FB84A09231C2}.Release|Any CPU.ActiveCfg = Release|Any CPU
		{1DB9AE98-F0FE-4D99-9662-FB84A09231C2}.Release|Any CPU.Build.0 = Release|Any CPU
		{1DB9AE98-F0FE-4D99-9662-FB84A09231C2}.Release|x64.ActiveCfg = Release|Any CPU
		{1DB9AE98-F0FE-4D99-9662-FB84A09231C2}.Release|x64.Build.0 = Release|Any CPU
		{1DB9AE98-F0FE-4D99-9662-FB84A09231C2}.Release|x86.ActiveCfg = Release|Any CPU
		{1DB9AE98-F0FE-4D99-9662-FB84A09231C2}.Release|x86.Build.0 = Release|Any CPU
	EndGlobalSection
	GlobalSection(SolutionProperties) = preSolution
		HideSolutionNode = FALSE
	EndGlobalSection
	GlobalSection(NestedProjects) = preSolution
		{2D53C2D0-BEB2-4396-9327-84D7EA169F12} = {827E0CD3-B72D-47B6-A68D-7590B98EB39B}
		{9B347DC8-D3C0-4D29-9004-AF6275103594} = {827E0CD3-B72D-47B6-A68D-7590B98EB39B}
		{C85D0EB2-6B77-4FAA-A793-46530B993350} = {827E0CD3-B72D-47B6-A68D-7590B98EB39B}
		{A2F20DDE-138D-4B58-8140-9EA2FBD7C44E} = {827E0CD3-B72D-47B6-A68D-7590B98EB39B}
		{1DB9AE98-F0FE-4D99-9662-FB84A09231C2} = {0AB3BF05-4346-4AA6-1389-037BE0695223}
	EndGlobalSection
EndGlobal
